
Microsoft Visual Studio Solution File, Format Version 10.00
# Visual Basic Express 2008
Project("{F184B08F-C81C-45F6-A57F-5ABD9991F28F}") = "ABMAsistencia", "ABMAsistencia.vbproj", "{5941944B-1CAC-461D-8D5D-E55A5CD98AD4}"
EndProject
Global
	GlobalSection(SolutionConfigurationPlatforms) = preSolution
		Debug|Any CPU = Debug|Any CPU
		Release|Any CPU = Release|Any CPU
	EndGlobalSection
	GlobalSection(ProjectConfigurationPlatforms) = postSolution
		{5941944B-1CAC-461D-8D5D-E55A5CD98AD4}.Debug|Any CPU.ActiveCfg = Debug|Any CPU
		{5941944B-1CAC-461D-8D5D-E55A5CD98AD4}.Debug|Any CPU.Build.0 = Debug|Any CPU
		{5941944B-1CAC-461D-8D5D-E55A5CD98AD4}.Release|Any CPU.ActiveCfg = Release|Any CPU
		{5941944B-1CAC-461D-8D5D-E55A5CD98AD4}.Release|Any CPU.Build.0 = Release|Any CPU
	EndGlobalSection
	GlobalSection(SolutionProperties) = preSolution
		HideSolutionNode = FALSE
	EndGlobalSection
EndGlobal
